
Microsoft Visual Studio Solution File, Format Version 11.00
# Visual Studio 2010
Project("{FAE04EC0-301F-11D3-BF4B-00C04F79EFBC}") = "Tests", "Tests\Tests.csproj", "{2EE208A7-42A2-488B-8C85-8F3F1E90436E}"
EndProject
Project("{FAE04EC0-301F-11D3-BF4B-00C04F79EFBC}") = "Library", "Library\Library.csproj", "{1E9E5E06-CD2A-4484-846D-6E6B21526482}"
EndProject
Project("{FAE04EC0-301F-11D3-BF4B-00C04F79EFBC}") = "Bump", "Bump\Bump.csproj", "{EED1A9A6-B789-48CE-83E9-98CD5BFE1CD1}"
EndProject
Project("{FAE04EC0-301F-11D3-BF4B-00C04F79EFBC}") = "Simpler", "..\..\Simpler\app\Simpler\Simpler.csproj", "{6A2F45F9-172C-4B48-9344-B64646958AFC}"
EndProject
Global
	GlobalSection(SolutionConfigurationPlatforms) = preSolution
		Debug|Any CPU = Debug|Any CPU
		Debug|Mixed Platforms = Debug|Mixed Platforms
		Debug|x86 = Debug|x86
		Release|Any CPU = Release|Any CPU
		Release|Mixed Platforms = Release|Mixed Platforms
		Release|x86 = Release|x86
	EndGlobalSection
	GlobalSection(ProjectConfigurationPlatforms) = postSolution
		{2EE208A7-42A2-488B-8C85-8F3F1E90436E}.Debug|Any CPU.ActiveCfg = Debug|Any CPU
		{2EE208A7-42A2-488B-8C85-8F3F1E90436E}.Debug|Any CPU.Build.0 = Debug|Any CPU
		{2EE208A7-42A2-488B-8C85-8F3F1E90436E}.Debug|Mixed Platforms.ActiveCfg = Debug|Any CPU
		{2EE208A7-42A2-488B-8C85-8F3F1E90436E}.Debug|Mixed Platforms.Build.0 = Debug|Any CPU
		{2EE208A7-42A2-488B-8C85-8F3F1E90436E}.Debug|x86.ActiveCfg = Debug|Any CPU
		{2EE208A7-42A2-488B-8C85-8F3F1E90436E}.Release|Any CPU.ActiveCfg = Release|Any CPU
		{2EE208A7-42A2-488B-8C85-8F3F1E90436E}.Release|Any CPU.Build.0 = Release|Any CPU
		{2EE208A7-42A2-488B-8C85-8F3F1E90436E}.Release|Mixed Platforms.ActiveCfg = Release|Any CPU
		{2EE208A7-42A2-488B-8C85-8F3F1E90436E}.Release|Mixed Platforms.Build.0 = Release|Any CPU
		{2EE208A7-42A2-488B-8C85-8F3F1E90436E}.Release|x86.ActiveCfg = Release|Any CPU
		{1E9E5E06-CD2A-4484-846D-6E6B21526482}.Debug|Any CPU.ActiveCfg = Debug|Any CPU
		{1E9E5E06-CD2A-4484-846D-6E6B21526482}.Debug|Any CPU.Build.0 = Debug|Any CPU
		{1E9E5E06-CD2A-4484-846D-6E6B21526482}.Debug|Mixed Platforms.ActiveCfg = Debug|Any CPU
		{1E9E5E06-CD2A-4484-846D-6E6B21526482}.Debug|Mixed Platforms.Build.0 = Debug|Any CPU
		{1E9E5E06-CD2A-4484-846D-6E6B21526482}.Debug|x86.ActiveCfg = Debug|Any CPU
		{1E9E5E06-CD2A-4484-846D-6E6B21526482}.Release|Any CPU.ActiveCfg = Release|Any CPU
		{1E9E5E06-CD2A-4484-846D-6E6B21526482}.Release|Any CPU.Build.0 = Release|Any CPU
		{1E9E5E06-CD2A-4484-846D-6E6B21526482}.Release|Mixed Platforms.ActiveCfg = Release|Any CPU
		{1E9E5E06-CD2A-4484-846D-6E6B21526482}.Release|Mixed Platforms.Build.0 = Release|Any CPU
		{1E9E5E06-CD2A-4484-846D-6E6B21526482}.Release|x86.ActiveCfg = Release|Any CPU
		{EED1A9A6-B789-48CE-83E9-98CD5BFE1CD1}.Debug|Any CPU.ActiveCfg = Debug|x86
		{EED1A9A6-B789-48CE-83E9-98CD5BFE1CD1}.Debug|Mixed Platforms.ActiveCfg = Debug|x86
		{EED1A9A6-B789-48CE-83E9-98CD5BFE1CD1}.Debug|Mixed Platforms.Build.0 = Debug|x86
		{EED1A9A6-B789-48CE-83E9-98CD5BFE1CD1}.Debug|x86.ActiveCfg = Debug|x86
		{EED1A9A6-B789-48CE-83E9-98CD5BFE1CD1}.Debug|x86.Build.0 = Debug|x86
		{EED1A9A6-B789-48CE-83E9-98CD5BFE1CD1}.Release|Any CPU.ActiveCfg = Release|x86
		{EED1A9A6-B789-48CE-83E9-98CD5BFE1CD1}.Release|Mixed Platforms.ActiveCfg = Release|x86
		{EED1A9A6-B789-48CE-83E9-98CD5BFE1CD1}.Release|Mixed Platforms.Build.0 = Release|x86
		{EED1A9A6-B789-48CE-83E9-98CD5BFE1CD1}.Release|x86.ActiveCfg = Release|x86
		{EED1A9A6-B789-48CE-83E9-98CD5BFE1CD1}.Release|x86.Build.0 = Release|x86
		{6A2F45F9-172C-4B48-9344-B64646958AFC}.Debug|Any CPU.ActiveCfg = Debug|Any CPU
		{6A2F45F9-172C-4B48-9344-B64646958AFC}.Debug|Any CPU.Build.0 = Debug|Any CPU
		{6A2F45F9-172C-4B48-9344-B64646958AFC}.Debug|Mixed Platforms.ActiveCfg = Debug|Any CPU
		{6A2F45F9-172C-4B48-9344-B64646958AFC}.Debug|Mixed Platforms.Build.0 = Debug|Any CPU
		{6A2F45F9-172C-4B48-9344-B64646958AFC}.Debug|x86.ActiveCfg = Debug|Any CPU
		{6A2F45F9-172C-4B48-9344-B64646958AFC}.Release|Any CPU.ActiveCfg = Release|Any CPU
		{6A2F45F9-172C-4B48-9344-B64646958AFC}.Release|Any CPU.Build.0 = Release|Any CPU
		{6A2F45F9-172C-4B48-9344-B64646958AFC}.Release|Mixed Platforms.ActiveCfg = Release|Any CPU
		{6A2F45F9-172C-4B48-9344-B64646958AFC}.Release|Mixed Platforms.Build.0 = Release|Any CPU
		{6A2F45F9-172C-4B48-9344-B64646958AFC}.Release|x86.ActiveCfg = Release|Any CPU
	EndGlobalSection
	GlobalSection(SolutionProperties) = preSolution
		HideSolutionNode = FALSE
	EndGlobalSection
EndGlobal
